
Microsoft Visual Studio Solution File, Format Version 12.00
# Visual Studio Version 16
VisualStudioVersion = 16.0.29728.190
MinimumVisualStudioVersion = 10.0.40219.1
Project("{FAE04EC0-301F-11D3-BF4B-00C04F79EFBC}") = "XamarinTestApp.UWP", "XamarinTestApp\XamarinTestApp.UWP\XamarinTestApp.UWP.csproj", "{D267F0B3-368B-4549-B1DC-F4503471E32E}"
EndProject
Project("{FAE04EC0-301F-11D3-BF4B-00C04F79EFBC}") = "XamarinTestApp.Android", "XamarinTestApp\XamarinTestApp.Android\XamarinTestApp.Android.csproj", "{7F06C7EF-864E-4EC3-807E-ADBBAD2558DD}"
EndProject
Project("{FAE04EC0-301F-11D3-BF4B-00C04F79EFBC}") = "XamarinTestApp.iOS", "XamarinTestApp\XamarinTestApp.iOS\XamarinTestApp.iOS.csproj", "{B16FB7D0-BC63-4448-B6D3-F7037F39A854}"
EndProject
Project("{9A19103F-16F7-4668-BE54-9A1E7A4F7556}") = "XamarinTestApp", "XamarinTestApp\XamarinTestApp\XamarinTestApp.csproj", "{D2D17060-0137-4B96-BC87-B87B16CC7483}"
EndProject
Project("{FAE04EC0-301F-11D3-BF4B-00C04F79EFBC}") = "XamarinTestApp.Common", "XamarinTestApp.Common\XamarinTestApp.Common.csproj", "{2D51C777-6C2B-43D5-832B-E1E1160D9E1B}"
EndProject
Global
	GlobalSection(SolutionConfigurationPlatforms) = preSolution
		Debug|Any CPU = Debug|Any CPU
		Debug|ARM = Debug|ARM
		Debug|ARM64 = Debug|ARM64
		Debug|iPhone = Debug|iPhone
		Debug|iPhoneSimulator = Debug|iPhoneSimulator
		Debug|x64 = Debug|x64
		Debug|x86 = Debug|x86
		Release|Any CPU = Release|Any CPU
		Release|ARM = Release|ARM
		Release|ARM64 = Release|ARM64
		Release|iPhone = Release|iPhone
		Release|iPhoneSimulator = Release|iPhoneSimulator
		Release|x64 = Release|x64
		Release|x86 = Release|x86
	EndGlobalSection
	GlobalSection(ProjectConfigurationPlatforms) = postSolution
		{D267F0B3-368B-4549-B1DC-F4503471E32E}.Debug|Any CPU.ActiveCfg = Debug|x86
		{D267F0B3-368B-4549-B1DC-F4503471E32E}.Debug|Any CPU.Build.0 = Debug|x86
		{D267F0B3-368B-4549-B1DC-F4503471E32E}.Debug|Any CPU.Deploy.0 = Debug|x86
		{D267F0B3-368B-4549-B1DC-F4503471E32E}.Debug|ARM.ActiveCfg = Debug|ARM
		{D267F0B3-368B-4549-B1DC-F4503471E32E}.Debug|ARM.Build.0 = Debug|ARM
		{D267F0B3-368B-4549-B1DC-F4503471E32E}.Debug|ARM.Deploy.0 = Debug|ARM
		{D267F0B3-368B-4549-B1DC-F4503471E32E}.Debug|ARM64.ActiveCfg = Debug|x86
		{D267F0B3-368B-4549-B1DC-F4503471E32E}.Debug|iPhone.ActiveCfg = Debug|x86
		{D267F0B3-368B-4549-B1DC-F4503471E32E}.Debug|iPhone.Build.0 = Debug|x86
		{D267F0B3-368B-4549-B1DC-F4503471E32E}.Debug|iPhone.Deploy.0 = Debug|x86
		{D267F0B3-368B-4549-B1DC-F4503471E32E}.Debug|iPhoneSimulator.ActiveCfg = Debug|x86
		{D267F0B3-368B-4549-B1DC-F4503471E32E}.Debug|iPhoneSimulator.Build.0 = Debug|x86
		{D267F0B3-368B-4549-B1DC-F4503471E32E}.Debug|iPhoneSimulator.Deploy.0 = Debug|x86
		{D267F0B3-368B-4549-B1DC-F4503471E32E}.Debug|x64.ActiveCfg = Debug|x64
		{D267F0B3-368B-4549-B1DC-F4503471E32E}.Debug|x64.Build.0 = Debug|x64
		{D267F0B3-368B-4549-B1DC-F4503471E32E}.Debug|x64.Deploy.0 = Debug|x64
		{D267F0B3-368B-4549-B1DC-F4503471E32E}.Debug|x86.ActiveCfg = Debug|x86
		{D267F0B3-368B-4549-B1DC-F4503471E32E}.Debug|x86.Build.0 = Debug|x86
		{D267F0B3-368B-4549-B1DC-F4503471E32E}.Debug|x86.Deploy.0 = Debug|x86
		{D267F0B3-368B-4549-B1DC-F4503471E32E}.Release|Any CPU.ActiveCfg = Release|x86
		{D267F0B3-368B-4549-B1DC-F4503471E32E}.Release|Any CPU.Build.0 = Release|x86
		{D267F0B3-368B-4549-B1DC-F4503471E32E}.Release|Any CPU.Deploy.0 = Release|x86
		{D267F0B3-368B-4549-B1DC-F4503471E32E}.Release|ARM.ActiveCfg = Release|ARM
		{D267F0B3-368B-4549-B1DC-F4503471E32E}.Release|ARM.Build.0 = Release|ARM
		{D267F0B3-368B-4549-B1DC-F4503471E32E}.Release|ARM.Deploy.0 = Release|ARM
		{D267F0B3-368B-4549-B1DC-F4503471E32E}.Release|ARM64.ActiveCfg = Release|x86
		{D267F0B3-368B-4549-B1DC-F4503471E32E}.Release|iPhone.ActiveCfg = Release|x86
		{D267F0B3-368B-4549-B1DC-F4503471E32E}.Release|iPhone.Build.0 = Release|x86
		{D267F0B3-368B-4549-B1DC-F4503471E32E}.Release|iPhone.Deploy.0 = Release|x86
		{D267F0B3-368B-4549-B1DC-F4503471E32E}.Release|iPhoneSimulator.ActiveCfg = Release|x86
		{D267F0B3-368B-4549-B1DC-F4503471E32E}.Release|iPhoneSimulator.Build.0 = Release|x86
		{D267F0B3-368B-4549-B1DC-F4503471E32E}.Release|iPhoneSimulator.Deploy.0 = Release|x86
		{D267F0B3-368B-4549-B1DC-F4503471E32E}.Release|x64.ActiveCfg = Release|x64
		{D267F0B3-368B-4549-B1DC-F4503471E32E}.Release|x64.Build.0 = Release|x64
		{D267F0B3-368B-4549-B1DC-F4503471E32E}.Release|x64.Deploy.0 = Release|x64
		{D267F0B3-368B-4549-B1DC-F4503471E32E}.Release|x86.ActiveCfg = Release|x86
		{D267F0B3-368B-4549-B1DC-F4503471E32E}.Release|x86.Build.0 = Release|x86
		{D267F0B3-368B-4549-B1DC-F4503471E32E}.Release|x86.Deploy.0 = Release|x86
		{7F06C7EF-864E-4EC3-807E-ADBBAD2558DD}.Debug|Any CPU.ActiveCfg = Debug|Any CPU
		{7F06C7EF-864E-4EC3-807E-ADBBAD2558DD}.Debug|Any CPU.Build.0 = Debug|Any CPU
		{7F06C7EF-864E-4EC3-807E-ADBBAD2558DD}.Debug|Any CPU.Deploy.0 = Debug|Any CPU
		{7F06C7EF-864E-4EC3-807E-ADBBAD2558DD}.Debug|ARM.ActiveCfg = Debug|Any CPU
		{7F06C7EF-864E-4EC3-807E-ADBBAD2558DD}.Debug|ARM.Build.0 = Debug|Any CPU
		{7F06C7EF-864E-4EC3-807E-ADBBAD2558DD}.Debug|ARM.Deploy.0 = Debug|Any CPU
		{7F06C7EF-864E-4EC3-807E-ADBBAD2558DD}.Debug|ARM64.ActiveCfg = Debug|Any CPU
		{7F06C7EF-864E-4EC3-807E-ADBBAD2558DD}.Debug|ARM64.Build.0 = Debug|Any CPU
		{7F06C7EF-864E-4EC3-807E-ADBBAD2558DD}.Debug|ARM64.Deploy.0 = Debug|Any CPU
		{7F06C7EF-864E-4EC3-807E-ADBBAD2558DD}.Debug|iPhone.ActiveCfg = Debug|Any CPU
		{7F06C7EF-864E-4EC3-807E-ADBBAD2558DD}.Debug|iPhone.Build.0 = Debug|Any CPU
		{7F06C7EF-864E-4EC3-807E-ADBBAD2558DD}.Debug|iPhone.Deploy.0 = Debug|Any CPU
		{7F06C7EF-864E-4EC3-807E-ADBBAD2558DD}.Debug|iPhoneSimulator.ActiveCfg = Debug|Any CPU
		{7F06C7EF-864E-4EC3-807E-ADBBAD2558DD}.Debug|iPhoneSimulator.Build.0 = Debug|Any CPU
		{7F06C7EF-864E-4EC3-807E-ADBBAD2558DD}.Debug|iPhoneSimulator.Deploy.0 = Debug|Any CPU
		{7F06C7EF-864E-4EC3-807E-ADBBAD2558DD}.Debug|x64.ActiveCfg = Debug|Any CPU
		{7F06C7EF-864E-4EC3-807E-ADBBAD2558DD}.Debug|x64.Build.0 = Debug|Any CPU
		{7F06C7EF-864E-4EC3-807E-ADBBAD2558DD}.Debug|x64.Deploy.0 = Debug|Any CPU
		{7F06C7EF-864E-4EC3-807E-ADBBAD2558DD}.Debug|x86.ActiveCfg = Debug|Any CPU
		{7F06C7EF-864E-4EC3-807E-ADBBAD2558DD}.Debug|x86.Build.0 = Debug|Any CPU
		{7F06C7EF-864E-4EC3-807E-ADBBAD2558DD}.Debug|x86.Deploy.0 = Debug|Any CPU
		{7F06C7EF-864E-4EC3-807E-ADBBAD2558DD}.Release|Any CPU.ActiveCfg = Release|Any CPU
		{7F06C7EF-864E-4EC3-807E-ADBBAD2558DD}.Release|Any CPU.Build.0 = Release|Any CPU
		{7F06C7EF-864E-4EC3-807E-ADBBAD2558DD}.Release|Any CPU.Deploy.0 = Release|Any CPU
		{7F06C7EF-864E-4EC3-807E-ADBBAD2558DD}.Release|ARM.ActiveCfg = Release|Any CPU
		{7F06C7EF-864E-4EC3-807E-ADBBAD2558DD}.Release|ARM.Build.0 = Release|Any CPU
		{7F06C7EF-864E-4EC3-807E-ADBBAD2558DD}.Release|ARM.Deploy.0 = Release|Any CPU
		{7F06C7EF-864E-4EC3-807E-ADBBAD2558DD}.Release|ARM64.ActiveCfg = Release|Any CPU
		{7F06C7EF-864E-4EC3-807E-ADBBAD2558DD}.Release|ARM64.Build.0 = Release|Any CPU
		{7F06C7EF-864E-4EC3-807E-ADBBAD2558DD}.Release|ARM64.Deploy.0 = Release|Any CPU
		{7F06C7EF-864E-4EC3-807E-ADBBAD2558DD}.Release|iPhone.ActiveCfg = Release|Any CPU
		{7F06C7EF-864E-4EC3-807E-ADBBAD2558DD}.Release|iPhone.Build.0 = Release|Any CPU
		{7F06C7EF-864E-4EC3-807E-ADBBAD2558DD}.Release|iPhone.Deploy.0 = Release|Any CPU
		{7F06C7EF-864E-4EC3-807E-ADBBAD2558DD}.Release|iPhoneSimulator.ActiveCfg = Release|Any CPU
		{7F06C7EF-864E-4EC3-807E-ADBBAD2558DD}.Release|iPhoneSimulator.Build.0 = Release|Any CPU
		{7F06C7EF-864E-4EC3-807E-ADBBAD2558DD}.Release|iPhoneSimulator.Deploy.0 = Release|Any CPU
		{7F06C7EF-864E-4EC3-807E-ADBBAD2558DD}.Release|x64.ActiveCfg = Release|Any CPU
		{7F06C7EF-864E-4EC3-807E-ADBBAD2558DD}.Release|x64.Build.0 = Release|Any CPU
		{7F06C7EF-864E-4EC3-807E-ADBBAD2558DD}.Release|x64.Deploy.0 = Release|Any CPU
		{7F06C7EF-864E-4EC3-807E-ADBBAD2558DD}.Release|x86.ActiveCfg = Release|Any CPU
		{7F06C7EF-864E-4EC3-807E-ADBBAD2558DD}.Release|x86.Build.0 = Release|Any CPU
		{7F06C7EF-864E-4EC3-807E-ADBBAD2558DD}.Release|x86.Deploy.0 = Release|Any CPU
		{B16FB7D0-BC63-4448-B6D3-F7037F39A854}.Debug|Any CPU.ActiveCfg = Debug|iPhone
		{B16FB7D0-BC63-4448-B6D3-F7037F39A854}.Debug|Any CPU.Build.0 = Debug|iPhone
		{B16FB7D0-BC63-4448-B6D3-F7037F39A854}.Debug|Any CPU.Deploy.0 = Debug|iPhone
		{B16FB7D0-BC63-4448-B6D3-F7037F39A854}.Debug|ARM.ActiveCfg = Debug|iPhoneSimulator
		{B16FB7D0-BC63-4448-B6D3-F7037F39A854}.Debug|ARM.Build.0 = Debug|iPhoneSimulator
		{B16FB7D0-BC63-4448-B6D3-F7037F39A854}.Debug|ARM.Deploy.0 = Debug|iPhoneSimulator
		{B16FB7D0-BC63-4448-B6D3-F7037F39A854}.Debug|ARM64.ActiveCfg = Debug|iPhoneSimulator
		{B16FB7D0-BC63-4448-B6D3-F7037F39A854}.Debug|iPhone.ActiveCfg = Debug|iPhone
		{B16FB7D0-BC63-4448-B6D3-F7037F39A854}.Debug|iPhone.Build.0 = Debug|iPhone
		{B16FB7D0-BC63-4448-B6D3-F7037F39A854}.Debug|iPhone.Deploy.0 = Debug|iPhone
		{B16FB7D0-BC63-4448-B6D3-F7037F39A854}.Debug|iPhoneSimulator.ActiveCfg = Debug|iPhoneSimulator
		{B16FB7D0-BC63-4448-B6D3-F7037F39A854}.Debug|iPhoneSimulator.Build.0 = Debug|iPhoneSimulator
		{B16FB7D0-BC63-4448-B6D3-F7037F39A854}.Debug|iPhoneSimulator.Deploy.0 = Debug|iPhoneSimulator
		{B16FB7D0-BC63-4448-B6D3-F7037F39A854}.Debug|x64.ActiveCfg = Debug|iPhone
		{B16FB7D0-BC63-4448-B6D3-F7037F39A854}.Debug|x64.Build.0 = Debug|iPhone
		{B16FB7D0-BC63-4448-B6D3-F7037F39A854}.Debug|x64.Deploy.0 = Debug|iPhone
		{B16FB7D0-BC63-4448-B6D3-F7037F39A854}.Debug|x86.ActiveCfg = Debug|iPhone
		{B16FB7D0-BC63-4448-B6D3-F7037F39A854}.Debug|x86.Build.0 = Debug|iPhone
		{B16FB7D0-BC63-4448-B6D3-F7037F39A854}.Debug|x86.Deploy.0 = Debug|iPhone
		{B16FB7D0-BC63-4448-B6D3-F7037F39A854}.Release|Any CPU.ActiveCfg = Release|iPhone
		{B16FB7D0-BC63-4448-B6D3-F7037F39A854}.Release|Any CPU.Build.0 = Release|iPhone
		{B16FB7D0-BC63-4448-B6D3-F7037F39A854}.Release|Any CPU.Deploy.0 = Release|iPhone
		{B16FB7D0-BC63-4448-B6D3-F7037F39A854}.Release|ARM.ActiveCfg = Release|iPhone
		{B16FB7D0-BC63-4448-B6D3-F7037F39A854}.Release|ARM.Build.0 = Release|iPhone
		{B16FB7D0-BC63-4448-B6D3-F7037F39A854}.Release|ARM.Deploy.0 = Release|iPhone
		{B16FB7D0-BC63-4448-B6D3-F7037F39A854}.Release|ARM64.ActiveCfg = Release|iPhoneSimulator
		{B16FB7D0-BC63-4448-B6D3-F7037F39A854}.Release|iPhone.ActiveCfg = Release|iPhone
		{B16FB7D0-BC63-4448-B6D3-F7037F39A854}.Release|iPhone.Build.0 = Release|iPhone
		{B16FB7D0-BC63-4448-B6D3-F7037F39A854}.Release|iPhone.Deploy.0 = Release|iPhone
		{B16FB7D0-BC63-4448-B6D3-F7037F39A854}.Release|iPhoneSimulator.ActiveCfg = Release|iPhoneSimulator
		{B16FB7D0-BC63-4448-B6D3-F7037F39A854}.Release|iPhoneSimulator.Build.0 = Release|iPhoneSimulator
		{B16FB7D0-BC63-4448-B6D3-F7037F39A854}.Release|iPhoneSimulator.Deploy.0 = Release|iPhoneSimulator
		{B16FB7D0-BC63-4448-B6D3-F7037F39A854}.Release|x64.ActiveCfg = Release|iPhone
		{B16FB7D0-BC63-4448-B6D3-F7037F39A854}.Release|x64.Build.0 = Release|iPhone
		{B16FB7D0-BC63-4448-B6D3-F7037F39A854}.Release|x64.Deploy.0 = Release|iPhone
		{B16FB7D0-BC63-4448-B6D3-F7037F39A854}.Release|x86.ActiveCfg = Release|iPhone
		{B16FB7D0-BC63-4448-B6D3-F7037F39A854}.Release|x86.Build.0 = Release|iPhone
		{B16FB7D0-BC63-4448-B6D3-F7037F39A854}.Release|x86.Deploy.0 = Release|iPhone
		{D2D17060-0137-4B96-BC87-B87B16CC7483}.Debug|Any CPU.ActiveCfg = Debug|Any CPU
		{D2D17060-0137-4B96-BC87-B87B16CC7483}.Debug|Any CPU.Build.0 = Debug|Any CPU
		{D2D17060-0137-4B96-BC87-B87B16CC7483}.Debug|Any CPU.Deploy.0 = Debug|Any CPU
		{D2D17060-0137-4B96-BC87-B87B16CC7483}.Debug|ARM.ActiveCfg = Debug|Any CPU
		{D2D17060-0137-4B96-BC87-B87B16CC7483}.Debug|ARM.Build.0 = Debug|Any CPU
		{D2D17060-0137-4B96-BC87-B87B16CC7483}.Debug|ARM.Deploy.0 = Debug|Any CPU
		{D2D17060-0137-4B96-BC87-B87B16CC7483}.Debug|ARM64.ActiveCfg = Debug|Any CPU
		{D2D17060-0137-4B96-BC87-B87B16CC7483}.Debug|ARM64.Build.0 = Debug|Any CPU
		{D2D17060-0137-4B96-BC87-B87B16CC7483}.Debug|iPhone.ActiveCfg = Debug|Any CPU
		{D2D17060-0137-4B96-BC87-B87B16CC7483}.Debug|iPhone.Build.0 = Debug|Any CPU
		{D2D17060-0137-4B96-BC87-B87B16CC7483}.Debug|iPhone.Deploy.0 = Debug|Any CPU
		{D2D17060-0137-4B96-BC87-B87B16CC7483}.Debug|iPhoneSimulator.ActiveCfg = Debug|Any CPU
		{D2D17060-0137-4B96-BC87-B87B16CC7483}.Debug|iPhoneSimulator.Build.0 = Debug|Any CPU
		{D2D17060-0137-4B96-BC87-B87B16CC7483}.Debug|iPhoneSimulator.Deploy.0 = Debug|Any CPU
		{D2D17060-0137-4B96-BC87-B87B16CC7483}.Debug|x64.ActiveCfg = Debug|Any CPU
		{D2D17060-0137-4B96-BC87-B87B16CC7483}.Debug|x64.Build.0 = Debug|Any CPU
		{D2D17060-0137-4B96-BC87-B87B16CC7483}.Debug|x64.Deploy.0 = Debug|Any CPU
		{D2D17060-0137-4B96-BC87-B87B16CC7483}.Debug|x86.ActiveCfg = Debug|Any CPU
		{D2D17060-0137-4B96-BC87-B87B16CC7483}.Debug|x86.Build.0 = Debug|Any CPU
		{D2D17060-0137-4B96-BC87-B87B16CC7483}.Debug|x86.Deploy.0 = Debug|Any CPU
		{D2D17060-0137-4B96-BC87-B87B16CC7483}.Release|Any CPU.ActiveCfg = Release|Any CPU
		{D2D17060-0137-4B96-BC87-B87B16CC7483}.Release|Any CPU.Build.0 = Release|Any CPU
		{D2D17060-0137-4B96-BC87-B87B16CC7483}.Release|Any CPU.Deploy.0 = Release|Any CPU
		{D2D17060-0137-4B96-BC87-B87B16CC7483}.Release|ARM.ActiveCfg = Release|Any CPU
		{D2D17060-0137-4B96-BC87-B87B16CC7483}.Release|ARM.Build.0 = Release|Any CPU
		{D2D17060-0137-4B96-BC87-B87B16CC7483}.Release|ARM.Deploy.0 = Release|Any CPU
		{D2D17060-0137-4B96-BC87-B87B16CC7483}.Release|ARM64.ActiveCfg = Release|Any CPU
		{D2D17060-0137-4B96-BC87-B87B16CC7483}.Release|ARM64.Build.0 = Release|Any CPU
		{D2D17060-0137-4B96-BC87-B87B16CC7483}.Release|iPhone.ActiveCfg = Release|Any CPU
		{D2D17060-0137-4B96-BC87-B87B16CC7483}.Release|iPhone.Build.0 = Release|Any CPU
		{D2D17060-0137-4B96-BC87-B87B16CC7483}.Release|iPhone.Deploy.0 = Release|Any CPU
		{D2D17060-0137-4B96-BC87-B87B16CC7483}.Release|iPhoneSimulator.ActiveCfg = Release|Any CPU
		{D2D17060-0137-4B96-BC87-B87B16CC7483}.Release|iPhoneSimulator.Build.0 = Release|Any CPU
		{D2D17060-0137-4B96-BC87-B87B16CC7483}.Release|iPhoneSimulator.Deploy.0 = Release|Any CPU
		{D2D17060-0137-4B96-BC87-B87B16CC7483}.Release|x64.ActiveCfg = Release|Any CPU
		{D2D17060-0137-4B96-BC87-B87B16CC7483}.Release|x64.Build.0 = Release|Any CPU
		{D2D17060-0137-4B96-BC87-B87B16CC7483}.Release|x64.Deploy.0 = Release|Any CPU
		{D2D17060-0137-4B96-BC87-B87B16CC7483}.Release|x86.ActiveCfg = Release|Any CPU
		{D2D17060-0137-4B96-BC87-B87B16CC7483}.Release|x86.Build.0 = Release|Any CPU
		{D2D17060-0137-4B96-BC87-B87B16CC7483}.Release|x86.Deploy.0 = Release|Any CPU
		{2D51C777-6C2B-43D5-832B-E1E1160D9E1B}.Debug|Any CPU.ActiveCfg = Debug|Any CPU
		{2D51C777-6C2B-43D5-832B-E1E1160D9E1B}.Debug|Any CPU.Build.0 = Debug|Any CPU
		{2D51C777-6C2B-43D5-832B-E1E1160D9E1B}.Debug|ARM.ActiveCfg = Debug|Any CPU
		{2D51C777-6C2B-43D5-832B-E1E1160D9E1B}.Debug|ARM.Build.0 = Debug|Any CPU
		{2D51C777-6C2B-43D5-832B-E1E1160D9E1B}.Debug|ARM64.ActiveCfg = Debug|Any CPU
		{2D51C777-6C2B-43D5-832B-E1E1160D9E1B}.Debug|ARM64.Build.0 = Debug|Any CPU
		{2D51C777-6C2B-43D5-832B-E1E1160D9E1B}.Debug|iPhone.ActiveCfg = Debug|Any CPU
		{2D51C777-6C2B-43D5-832B-E1E1160D9E1B}.Debug|iPhone.Build.0 = Debug|Any CPU
		{2D51C777-6C2B-43D5-832B-E1E1160D9E1B}.Debug|iPhoneSimulator.ActiveCfg = Debug|Any CPU
		{2D51C777-6C2B-43D5-832B-E1E1160D9E1B}.Debug|iPhoneSimulator.Build.0 = Debug|Any CPU
		{2D51C777-6C2B-43D5-832B-E1E1160D9E1B}.Debug|x64.ActiveCfg = Debug|Any CPU
		{2D51C777-6C2B-43D5-832B-E1E1160D9E1B}.Debug|x64.Build.0 = Debug|Any CPU
		{2D51C777-6C2B-43D5-832B-E1E1160D9E1B}.Debug|x86.ActiveCfg = Debug|Any CPU
		{2D51C777-6C2B-43D5-832B-E1E1160D9E1B}.Debug|x86.Build.0 = Debug|Any CPU
		{2D51C777-6C2B-43D5-832B-E1E1160D9E1B}.Release|Any CPU.ActiveCfg = Release|Any CPU
		{2D51C777-6C2B-43D5-832B-E1E1160D9E1B}.Release|Any CPU.Build.0 = Release|Any CPU
		{2D51C777-6C2B-43D5-832B-E1E1160D9E1B}.Release|ARM.ActiveCfg = Release|Any CPU
		{2D51C777-6C2B-43D5-832B-E1E1160D9E1B}.Release|ARM.Build.0 = Release|Any CPU
		{2D51C777-6C2B-43D5-832B-E1E1160D9E1B}.Release|ARM64.ActiveCfg = Release|Any CPU
		{2D51C777-6C2B-43D5-832B-E1E1160D9E1B}.Release|ARM64.Build.0 = Release|Any CPU
		{2D51C777-6C2B-43D5-832B-E1E1160D9E1B}.Release|iPhone.ActiveCfg = Release|Any CPU
		{2D51C777-6C2B-43D5-832B-E1E1160D9E1B}.Release|iPhone.Build.0 = Release|Any CPU
		{2D51C777-6C2B-43D5-832B-E1E1160D9E1B}.Release|iPhoneSimulator.ActiveCfg = Release|Any CPU
		{2D51C777-6C2B-43D5-832B-E1E1160D9E1B}.Release|iPhoneSimulator.Build.0 = Release|Any CPU
		{2D51C777-6C2B-43D5-832B-E1E1160D9E1B}.Release|x64.ActiveCfg = Release|Any CPU
		{2D51C777-6C2B-43D5-832B-E1E1160D9E1B}.Release|x64.Build.0 = Release|Any CPU
		{2D51C777-6C2B-43D5-832B-E1E1160D9E1B}.Release|x86.ActiveCfg = Release|Any CPU
		{2D51C777-6C2B-43D5-832B-E1E1160D9E1B}.Release|x86.Build.0 = Release|Any CPU
	EndGlobalSection
	GlobalSection(SolutionProperties) = preSolution
		HideSolutionNode = FALSE
	EndGlobalSection
	GlobalSection(ExtensibilityGlobals) = postSolution
		SolutionGuid = {97122D0E-89FD-4E1D-BC84-2E2EC04B26A2}
	EndGlobalSection
EndGlobal
